
Microsoft Visual Studio Solution File, Format Version 12.00
# Visual Studio Version 17
VisualStudioVersion = 17.9.34622.214
MinimumVisualStudioVersion = 10.0.40219.1
Project("{FAE04EC0-301F-11D3-BF4B-00C04F79EFBC}") = "Neurosky", "Neurosky\Neurosky.csproj", "{0188A295-F0FA-4343-95F7-10BBD6D24EDF}"
EndProject
Global
	GlobalSection(SolutionConfigurationPlatforms) = preSolution
		Debug|Any CPU = Debug|Any CPU
		Release|Any CPU = Release|Any CPU
	EndGlobalSection
	GlobalSection(ProjectConfigurationPlatforms) = postSolution
		{0188A295-F0FA-4343-95F7-10BBD6D24EDF}.Debug|Any CPU.ActiveCfg = Debug|Any CPU
		{0188A295-F0FA-4343-95F7-10BBD6D24EDF}.Debug|Any CPU.Build.0 = Debug|Any CPU
		{0188A295-F0FA-4343-95F7-10BBD6D24EDF}.Release|Any CPU.ActiveCfg = Release|Any CPU
		{0188A295-F0FA-4343-95F7-10BBD6D24EDF}.Release|Any CPU.Build.0 = Release|Any CPU
	EndGlobalSection
	GlobalSection(SolutionProperties) = preSolution
		HideSolutionNode = FALSE
	EndGlobalSection
	GlobalSection(ExtensibilityGlobals) = postSolution
		SolutionGuid = {98FDB237-33C3-47D1-90BC-D584D9330EFC}
	EndGlobalSection
EndGlobal
